Microsoft Visual Studio Solution File, Format Version 12.00
# Visual Studio Version 17
VisualStudioVersion = 17.0.31903.59
MinimumVisualStudioVersion = 10.0.40219.1
Project("{FAE04EC0-301F-11D3-BF4B-00C04F79EFBC}") = "TaskHub.Abstractions", "src/TaskHub.Abstractions/TaskHub.Abstractions.csproj", "{66A1BBE9-8CEA-4EF6-A168-94DF8EA8CFDF}"
EndProject
Project("{FAE04EC0-301F-11D3-BF4B-00C04F79EFBC}") = "TaskHub.Server", "src/TaskHub.Server/TaskHub.Server.csproj", "{20BE2950-701D-4DFF-97A7-8DA41CB75EFE}"
EndProject
Project("{FAE04EC0-301F-11D3-BF4B-00C04F79EFBC}") = "TaskHub.WebSocketServer", "src/TaskHub.WebSocketServer/TaskHub.WebSocketServer.csproj", "{70293912-7C1C-4A0D-AD9A-B300E9186B20}"
EndProject
Project("{FAE04EC0-301F-11D3-BF4B-00C04F79EFBC}") = "EchoHandler", "plugins/handlers/EchoHandler/EchoHandler.csproj", "{AFE3A644-3564-4B7A-9BFD-8AD4BFFDE6E5}"
EndProject
Project("{FAE04EC0-301F-11D3-BF4B-00C04F79EFBC}") = "HttpServicePlugin", "plugins/services/HttpServicePlugin/HttpServicePlugin.csproj", "{DB07147A-1AC2-4E01-9C32-82300A5243EB}"
EndProject
Project("{FAE04EC0-301F-11D3-BF4B-00C04F79EFBC}") = "MsGraphServicePlugin", "plugins/services/MsGraphServicePlugin/MsGraphServicePlugin.csproj", "{D0C0B147-226C-4D6C-A5B9-C1DAB28A0C51}"
EndProject
Project("{FAE04EC0-301F-11D3-BF4B-00C04F79EFBC}") = "ActiveDirectoryServicePlugin", "plugins/services/ActiveDirectoryServicePlugin/ActiveDirectoryServicePlugin.csproj", "{F158A15A-29A1-4385-9BEC-BDB5DE89B748}"
EndProject
Project("{FAE04EC0-301F-11D3-BF4B-00C04F79EFBC}") = "CleanTempHandler", "plugins/handlers/CleanTempHandler/CleanTempHandler.csproj", "{C71448A2-77B8-47BC-B1C2-AEBA72E4464C}"
EndProject
Project("{FAE04EC0-301F-11D3-BF4B-00C04F79EFBC}") = "FileSystemServicePlugin", "plugins/services/FileSystemServicePlugin/FileSystemServicePlugin.csproj", "{3C4176EF-E2B9-4311-92D5-B1BA60C226B3}"
EndProject
Project("{FAE04EC0-301F-11D3-BF4B-00C04F79EFBC}") = "RegistryServicePlugin", "plugins/services/RegistryServicePlugin/RegistryServicePlugin.csproj", "{17CC2649-0CF3-451D-9BA2-F73B9C4C6793}"
EndProject
Project("{FAE04EC0-301F-11D3-BF4B-00C04F79EFBC}") = "ConfigurationManagerServicePlugin", "plugins/services/ConfigurationManagerServicePlugin/ConfigurationManagerServicePlugin.csproj", "{33C374C4-43A3-49FD-93B2-21485F2381CD}"
EndProject
Project("{FAE04EC0-301F-11D3-BF4B-00C04F79EFBC}") = "ConfigurationManagerAdminServicePlugin", "plugins/services/ConfigurationManagerAdminServicePlugin/ConfigurationManagerAdminServicePlugin.csproj", "{D116BFAD-093B-4BD6-9F9F-07C9383776A9}"
EndProject
Project("{FAE04EC0-301F-11D3-BF4B-00C04F79EFBC}") = "TaskHub.Server.Tests", "tests/TaskHub.Server.Tests/TaskHub.Server.Tests.csproj", "{FF3F77A7-CF65-4B57-8099-1D583FFE64B3}"
EndProject
Project("{FAE04EC0-301F-11D3-BF4B-00C04F79EFBC}") = "EchoHandler.Tests", "tests/EchoHandler.Tests/EchoHandler.Tests.csproj", "{8054CBD6-946B-4D55-BDC5-4E6F9049C5A6}"
EndProject
Project("{FAE04EC0-301F-11D3-BF4B-00C04F79EFBC}") = "CleanTempHandler.Tests", "tests/CleanTempHandler.Tests/CleanTempHandler.Tests.csproj", "{CDB3E180-A782-4F7D-BC41-33B11BB40669}"
EndProject
Project("{FAE04EC0-301F-11D3-BF4B-00C04F79EFBC}") = "FileSystemServicePlugin.Tests", "tests/FileSystemServicePlugin.Tests/FileSystemServicePlugin.Tests.csproj", "{5110AA29-618F-497E-8D52-166AAC86EFE3}"
EndProject
Project("{FAE04EC0-301F-11D3-BF4B-00C04F79EFBC}") = "HttpServicePlugin.Tests", "tests/HttpServicePlugin.Tests/HttpServicePlugin.Tests.csproj", "{00A7A76B-BB85-40A6-8746-F8669B7A49A6}"
EndProject
Project("{FAE04EC0-301F-11D3-BF4B-00C04F79EFBC}") = "ActiveDirectoryServicePlugin.Tests", "tests/ActiveDirectoryServicePlugin.Tests/ActiveDirectoryServicePlugin.Tests.csproj", "{30C007D9-21C4-428B-875B-026888436985}"
EndProject
Project("{FAE04EC0-301F-11D3-BF4B-00C04F79EFBC}") = "MsGraphServicePlugin.Tests", "tests/MsGraphServicePlugin.Tests/MsGraphServicePlugin.Tests.csproj", "{28CF54EA-C802-4EB7-9C1C-EFE5695EA0A0}"
EndProject
Project("{FAE04EC0-301F-11D3-BF4B-00C04F79EFBC}") = "RegistryServicePlugin.Tests", "tests/RegistryServicePlugin.Tests/RegistryServicePlugin.Tests.csproj", "{EA15A8F3-852D-467C-857A-A8FC85486457}"
EndProject
Project("{FAE04EC0-301F-11D3-BF4B-00C04F79EFBC}") = "ConfigurationManagerServicePlugin.Tests", "tests/ConfigurationManagerServicePlugin.Tests/ConfigurationManagerServicePlugin.Tests.csproj", "{6D397CB3-9F07-4646-A850-D54214A54B3E}"
EndProject
Project("{FAE04EC0-301F-11D3-BF4B-00C04F79EFBC}") = "ConfigurationManagerAdminServicePlugin.Tests", "tests/ConfigurationManagerAdminServicePlugin.Tests/ConfigurationManagerAdminServicePlugin.Tests.csproj", "{141CEA8D-5CC4-4D0A-B4AC-A05BF6AD9637}"
EndProject
Project("{FAE04EC0-301F-11D3-BF4B-00C04F79EFBC}") = "PowerShellServicePlugin", "plugins/services/PowerShellServicePlugin/PowerShellServicePlugin.csproj", "{16EBB5CC-B994-4D4A-8739-3E9A7F23E4F0}"
EndProject
Project("{FAE04EC0-301F-11D3-BF4B-00C04F79EFBC}") = "PowerShellServicePlugin.Tests", "tests/PowerShellServicePlugin.Tests/PowerShellServicePlugin.Tests.csproj", "{3E80944E-F7E3-49B4-92B8-EBE4DD7496FF}"
EndProject
Project("{FAE04EC0-301F-11D3-BF4B-00C04F79EFBC}") = "BitLockerServicePlugin", "plugins/services/BitLockerServicePlugin/BitLockerServicePlugin.csproj", "{B3E8A1C2-0D5E-4C11-92F4-99F7A7EAD4A1}"
EndProject
Project("{FAE04EC0-301F-11D3-BF4B-00C04F79EFBC}") = "BitLockerServicePlugin.Tests", "tests/BitLockerServicePlugin.Tests/BitLockerServicePlugin.Tests.csproj", "{0F613CD3-5F28-4EF2-8E5D-DAE3B13087C5}"
EndProject
Project("{FAE04EC0-301F-11D3-BF4B-00C04F79EFBC}") = "BitLockerHandler", "plugins/handlers/BitLockerHandler/BitLockerHandler.csproj", "{2F3B1D33-BD74-4E01-B1CA-6C39630A1211}"
EndProject
Project("{FAE04EC0-301F-11D3-BF4B-00C04F79EFBC}") = "BitLockerHandler.Tests", "tests/BitLockerHandler.Tests/BitLockerHandler.Tests.csproj", "{1B90C6E5-12F3-4E15-82DB-71DCE4AD42E2}"
EndProject
Project("{FAE04EC0-301F-11D3-BF4B-00C04F79EFBC}") = "CcmExecHandler", "plugins/handlers/CcmExecHandler/CcmExecHandler.csproj", "{0781C5D5-3C75-4A13-A60D-241E7F9FA55D}"
EndProject
Project("{FAE04EC0-301F-11D3-BF4B-00C04F79EFBC}") = "CcmExecHandler.Tests", "tests/CcmExecHandler.Tests/CcmExecHandler.Tests.csproj", "{928FF438-504D-481F-897B-CB89160B12C8}"
EndProject

Project("{FAE04EC0-301F-11D3-BF4B-00C04F79EFBC}") = "IntuneManagementExtensionHandler", "plugins/handlers/IntuneManagementExtensionHandler/IntuneManagementExtensionHandler.csproj", "{6F9CD415-7045-47D5-AEF9-B13E592404BC}"
EndProject
Project("{FAE04EC0-301F-11D3-BF4B-00C04F79EFBC}") = "IntuneManagementExtensionHandler.Tests", "tests/IntuneManagementExtensionHandler.Tests/IntuneManagementExtensionHandler.Tests.csproj", "{02B9C9D0-15EB-4F1A-930A-C6D61CA2C273}"
EndProject
Project("{FAE04EC0-301F-11D3-BF4B-00C04F79EFBC}") = "MonitorServicePlugin", "plugins/services/MonitorServicePlugin/MonitorServicePlugin.csproj", "{A9E5DBB2-7CCB-4984-890F-EF462A46AF09}"
EndProject
Project("{FAE04EC0-301F-11D3-BF4B-00C04F79EFBC}") = "MonitorHandler", "plugins/handlers/MonitorHandler/MonitorHandler.csproj", "{6C0F4FB0-A714-42C2-84E9-F555F10CBBF5}"
EndProject
Project("{FAE04EC0-301F-11D3-BF4B-00C04F79EFBC}") = "MonitorHandler.Tests", "tests/MonitorHandler.Tests/MonitorHandler.Tests.csproj", "{E80A5E92-76BC-4259-8B04-F4E7C8FDBB5B}"
EndProject
Project("{FAE04EC0-301F-11D3-BF4B-00C04F79EFBC}") = "HyperVServicePlugin", "plugins/services/HyperVServicePlugin/HyperVServicePlugin.csproj", "{1BBA96B2-9B56-4442-88C4-1EDF80E58216}"
EndProject
Project("{FAE04EC0-301F-11D3-BF4B-00C04F79EFBC}") = "HyperVHandler", "plugins/handlers/HyperVHandler/HyperVHandler.csproj", "{705DAE0E-564A-40AE-83C4-A675C5C02D56}"
EndProject
Project("{FAE04EC0-301F-11D3-BF4B-00C04F79EFBC}") = "PowerShellHandler", "plugins/handlers/PowerShellHandler/PowerShellHandler.csproj", "{AE0493D8-BCAB-4127-9334-873DA3A66FC4}"
EndProject
Project("{FAE04EC0-301F-11D3-BF4B-00C04F79EFBC}") = "PowerShellHandler.Tests", "tests/PowerShellHandler.Tests/PowerShellHandler.Tests.csproj", "{14CFDE9C-31FF-4F91-9474-B202E7E30160}"
EndProject
Project("{FAE04EC0-301F-11D3-BF4B-00C04F79EFBC}") = "ConfigurationManagerHandler", "plugins/handlers/ConfigurationManagerHandler/ConfigurationManagerHandler.csproj", "{478230BF-D1C9-46B1-8831-CA806101AC19}"
EndProject
Project("{FAE04EC0-301F-11D3-BF4B-00C04F79EFBC}") = "ConfigurationManagerHandler.Tests", "tests/ConfigurationManagerHandler.Tests/ConfigurationManagerHandler.Tests.csproj", "{ED168547-8FEB-490E-897B-93FE3290A030}"
EndProject
Project("{FAE04EC0-301F-11D3-BF4B-00C04F79EFBC}") = "DiskSpaceHandler", "plugins/handlers/DiskSpaceHandler/DiskSpaceHandler.csproj", "{FFAFBBB3-6D20-4F7E-B3ED-E81E11FA619F}"
EndProject
Project("{FAE04EC0-301F-11D3-BF4B-00C04F79EFBC}") = "DiskSpaceHandler.Tests", "tests/DiskSpaceHandler.Tests/DiskSpaceHandler.Tests.csproj", "{D5375916-D786-404E-B271-BCC353D520BF}"
EndProject
Project("{FAE04EC0-301F-11D3-BF4B-00C04F79EFBC}") = "AppDomainServicePlugin", "plugins/services/AppDomainServicePlugin/AppDomainServicePlugin.csproj", "{7445DDC6-3258-4671-B5E6-E4980C8779FC}"
EndProject
Project("{FAE04EC0-301F-11D3-BF4B-00C04F79EFBC}") = "ModuleInfoHandler", "plugins/handlers/ModuleInfoHandler/ModuleInfoHandler.csproj", "{CFD85D6E-AAB0-4496-8D46-7FE2538F6498}"
EndProject
Project("{FAE04EC0-301F-11D3-BF4B-00C04F79EFBC}") = "ModuleInfoHandler.Tests", "tests/ModuleInfoHandler.Tests/ModuleInfoHandler.Tests.csproj", "{02FDAEE1-A872-4157-B6C7-7018A1FBE188}"
EndProject
Project("{FAE04EC0-301F-11D3-BF4B-00C04F79EFBC}") = "AppDomainServicePlugin.Tests", "tests/AppDomainServicePlugin.Tests/AppDomainServicePlugin.Tests.csproj", "{A5B52B35-0158-4ED9-A981-8D6E7D957C85}"
EndProject
Project("{FAE04EC0-301F-11D3-BF4B-00C04F79EFBC}") = "IpcServicePlugin", "plugins/services/IpcServicePlugin/IpcServicePlugin.csproj", "{3D507DA9-9A4B-4FEB-92B2-FFA17E6CAC27}"
EndProject
Project("{FAE04EC0-301F-11D3-BF4B-00C04F79EFBC}") = "IpcServicePlugin.Tests", "tests/IpcServicePlugin.Tests/IpcServicePlugin.Tests.csproj", "{D3548AE2-B7A7-4426-8E86-1EAD03B6E166}"
EndProject
Project("{FAE04EC0-301F-11D3-BF4B-00C04F79EFBC}") = "EventLogServicePlugin", "plugins/services/EventLogServicePlugin/EventLogServicePlugin.csproj", "{B69B1809-F29C-4C70-86BF-9724E416831F}"
EndProject
Project("{FAE04EC0-301F-11D3-BF4B-00C04F79EFBC}") = "EventLogServicePlugin.Tests", "tests/EventLogServicePlugin.Tests/EventLogServicePlugin.Tests.csproj", "{BA260BA3-3CDE-4093-B084-2FF498D33908}"
EndProject
Project("{FAE04EC0-301F-11D3-BF4B-00C04F79EFBC}") = "PetStoreServicePlugin", "plugins/services/PetStoreServicePlugin/PetStoreServicePlugin.csproj", "{D04D0DB8-DFFF-4E0C-A84C-8906D7A40C0D}"
EndProject
Project("{FAE04EC0-301F-11D3-BF4B-00C04F79EFBC}") = "PetStoreHandler", "plugins/handlers/PetStoreHandler/PetStoreHandler.csproj", "{B666DCA7-BAF3-4356-A803-3F9C5C94303F}"
EndProject
Project("{FAE04EC0-301F-11D3-BF4B-00C04F79EFBC}") = "PetStoreHandler.Tests", "tests/PetStoreHandler.Tests/PetStoreHandler.Tests.csproj", "{7C2EA8AC-BE81-46B3-9B0E-C6CFC4F4143D}"
EndProject
Project("{FAE04EC0-301F-11D3-BF4B-00C04F79EFBC}") = "FakeRestServicePlugin", "plugins/services/FakeRestServicePlugin/FakeRestServicePlugin.csproj", "{80C8250F-5BC1-4A2F-AC82-406DD3328C4F}"
EndProject
Project("{FAE04EC0-301F-11D3-BF4B-00C04F79EFBC}") = "SysManServicePlugin", "plugins/services/SysManServicePlugin/SysManServicePlugin.csproj", "{D488DF1F-2DD0-4EE3-9244-FDEB33942525}"
EndProject
Project("{FAE04EC0-301F-11D3-BF4B-00C04F79EFBC}") = "FakeRestHandler", "plugins/handlers/FakeRestHandler/FakeRestHandler.csproj", "{405D337B-91A9-422F-B913-4A7C1C892B93}"
EndProject
Project("{FAE04EC0-301F-11D3-BF4B-00C04F79EFBC}") = "FakeRestHandler.Tests", "tests/FakeRestHandler.Tests/FakeRestHandler.Tests.csproj", "{DE0C697B-A2AC-45E5-BC3B-74D9BD23FECC}"
EndProject
Project("{FAE04EC0-301F-11D3-BF4B-00C04F79EFBC}") = "BinanceServicePlugin", "plugins/services/BinanceServicePlugin/BinanceServicePlugin.csproj", "{1E6EA56D-69FE-4CD0-BFE1-C186C1BD3BFC}"
EndProject
Project("{FAE04EC0-301F-11D3-BF4B-00C04F79EFBC}") = "BinanceHandler", "plugins/handlers/BinanceHandler/BinanceHandler.csproj", "{EAFD6265-DE4D-4F00-9309-CF0363A8ACD3}"
EndProject
Project("{FAE04EC0-301F-11D3-BF4B-00C04F79EFBC}") = "SqlServicePlugin", "plugins/services/SqlServicePlugin/SqlServicePlugin.csproj", "{3957D3BA-4B23-4DE0-8108-0979291E6247}"
EndProject
Project("{FAE04EC0-301F-11D3-BF4B-00C04F79EFBC}") = "SqlServicePlugin.Tests", "tests/SqlServicePlugin.Tests/SqlServicePlugin.Tests.csproj", "{28BE32CD-90E8-4BD8-83A1-B27E921BFA90}"
EndProject
Global
    GlobalSection(SolutionConfigurationPlatforms) = preSolution
        Debug|Any CPU = Debug|Any CPU
        Release|Any CPU = Release|Any CPU
    EndGlobalSection
    GlobalSection(ProjectConfigurationPlatforms) = postSolution
        {16EBB5CC-B994-4D4A-8739-3E9A7F23E4F0}.Debug|Any CPU.ActiveCfg = Debug|Any CPU
        {16EBB5CC-B994-4D4A-8739-3E9A7F23E4F0}.Debug|Any CPU.Build.0 = Debug|Any CPU
        {16EBB5CC-B994-4D4A-8739-3E9A7F23E4F0}.Release|Any CPU.ActiveCfg = Release|Any CPU
        {16EBB5CC-B994-4D4A-8739-3E9A7F23E4F0}.Release|Any CPU.Build.0 = Release|Any CPU
        {3E80944E-F7E3-49B4-92B8-EBE4DD7496FF}.Debug|Any CPU.ActiveCfg = Debug|Any CPU
        {3E80944E-F7E3-49B4-92B8-EBE4DD7496FF}.Debug|Any CPU.Build.0 = Debug|Any CPU
        {3E80944E-F7E3-49B4-92B8-EBE4DD7496FF}.Release|Any CPU.ActiveCfg = Release|Any CPU
        {3E80944E-F7E3-49B4-92B8-EBE4DD7496FF}.Release|Any CPU.Build.0 = Release|Any CPU
        {66A1BBE9-8CEA-4EF6-A168-94DF8EA8CFDF}.Debug|Any CPU.ActiveCfg = Debug|Any CPU
        {66A1BBE9-8CEA-4EF6-A168-94DF8EA8CFDF}.Debug|Any CPU.Build.0 = Debug|Any CPU
        {66A1BBE9-8CEA-4EF6-A168-94DF8EA8CFDF}.Release|Any CPU.ActiveCfg = Release|Any CPU
        {66A1BBE9-8CEA-4EF6-A168-94DF8EA8CFDF}.Release|Any CPU.Build.0 = Release|Any CPU
        {20BE2950-701D-4DFF-97A7-8DA41CB75EFE}.Debug|Any CPU.ActiveCfg = Debug|Any CPU
        {20BE2950-701D-4DFF-97A7-8DA41CB75EFE}.Debug|Any CPU.Build.0 = Debug|Any CPU
        {20BE2950-701D-4DFF-97A7-8DA41CB75EFE}.Release|Any CPU.ActiveCfg = Release|Any CPU
        {20BE2950-701D-4DFF-97A7-8DA41CB75EFE}.Release|Any CPU.Build.0 = Release|Any CPU
        {70293912-7C1C-4A0D-AD9A-B300E9186B20}.Debug|Any CPU.ActiveCfg = Debug|Any CPU
        {70293912-7C1C-4A0D-AD9A-B300E9186B20}.Debug|Any CPU.Build.0 = Debug|Any CPU
        {70293912-7C1C-4A0D-AD9A-B300E9186B20}.Release|Any CPU.ActiveCfg = Release|Any CPU
        {70293912-7C1C-4A0D-AD9A-B300E9186B20}.Release|Any CPU.Build.0 = Release|Any CPU
        {AFE3A644-3564-4B7A-9BFD-8AD4BFFDE6E5}.Debug|Any CPU.ActiveCfg = Debug|Any CPU
        {AFE3A644-3564-4B7A-9BFD-8AD4BFFDE6E5}.Debug|Any CPU.Build.0 = Debug|Any CPU
        {AFE3A644-3564-4B7A-9BFD-8AD4BFFDE6E5}.Release|Any CPU.ActiveCfg = Release|Any CPU
        {AFE3A644-3564-4B7A-9BFD-8AD4BFFDE6E5}.Release|Any CPU.Build.0 = Release|Any CPU
        {DB07147A-1AC2-4E01-9C32-82300A5243EB}.Debug|Any CPU.ActiveCfg = Debug|Any CPU
        {DB07147A-1AC2-4E01-9C32-82300A5243EB}.Debug|Any CPU.Build.0 = Debug|Any CPU
        {DB07147A-1AC2-4E01-9C32-82300A5243EB}.Release|Any CPU.ActiveCfg = Release|Any CPU
        {DB07147A-1AC2-4E01-9C32-82300A5243EB}.Release|Any CPU.Build.0 = Release|Any CPU
        {D0C0B147-226C-4D6C-A5B9-C1DAB28A0C51}.Debug|Any CPU.ActiveCfg = Debug|Any CPU
        {D0C0B147-226C-4D6C-A5B9-C1DAB28A0C51}.Debug|Any CPU.Build.0 = Debug|Any CPU
        {D0C0B147-226C-4D6C-A5B9-C1DAB28A0C51}.Release|Any CPU.ActiveCfg = Release|Any CPU
        {D0C0B147-226C-4D6C-A5B9-C1DAB28A0C51}.Release|Any CPU.Build.0 = Release|Any CPU
        {F158A15A-29A1-4385-9BEC-BDB5DE89B748}.Debug|Any CPU.ActiveCfg = Debug|Any CPU
        {F158A15A-29A1-4385-9BEC-BDB5DE89B748}.Debug|Any CPU.Build.0 = Debug|Any CPU
        {F158A15A-29A1-4385-9BEC-BDB5DE89B748}.Release|Any CPU.ActiveCfg = Release|Any CPU
        {F158A15A-29A1-4385-9BEC-BDB5DE89B748}.Release|Any CPU.Build.0 = Release|Any CPU
        {C71448A2-77B8-47BC-B1C2-AEBA72E4464C}.Debug|Any CPU.ActiveCfg = Debug|Any CPU
        {C71448A2-77B8-47BC-B1C2-AEBA72E4464C}.Debug|Any CPU.Build.0 = Debug|Any CPU
        {C71448A2-77B8-47BC-B1C2-AEBA72E4464C}.Release|Any CPU.ActiveCfg = Release|Any CPU
        {C71448A2-77B8-47BC-B1C2-AEBA72E4464C}.Release|Any CPU.Build.0 = Release|Any CPU
        {3C4176EF-E2B9-4311-92D5-B1BA60C226B3}.Debug|Any CPU.ActiveCfg = Debug|Any CPU
        {3C4176EF-E2B9-4311-92D5-B1BA60C226B3}.Debug|Any CPU.Build.0 = Debug|Any CPU
        {3C4176EF-E2B9-4311-92D5-B1BA60C226B3}.Release|Any CPU.ActiveCfg = Release|Any CPU
        {3C4176EF-E2B9-4311-92D5-B1BA60C226B3}.Release|Any CPU.Build.0 = Release|Any CPU
        {FF3F77A7-CF65-4B57-8099-1D583FFE64B3}.Debug|Any CPU.ActiveCfg = Debug|Any CPU
        {FF3F77A7-CF65-4B57-8099-1D583FFE64B3}.Debug|Any CPU.Build.0 = Debug|Any CPU
        {FF3F77A7-CF65-4B57-8099-1D583FFE64B3}.Release|Any CPU.ActiveCfg = Release|Any CPU
        {FF3F77A7-CF65-4B57-8099-1D583FFE64B3}.Release|Any CPU.Build.0 = Release|Any CPU
        {8054CBD6-946B-4D55-BDC5-4E6F9049C5A6}.Debug|Any CPU.ActiveCfg = Debug|Any CPU
        {8054CBD6-946B-4D55-BDC5-4E6F9049C5A6}.Debug|Any CPU.Build.0 = Debug|Any CPU
        {8054CBD6-946B-4D55-BDC5-4E6F9049C5A6}.Release|Any CPU.ActiveCfg = Release|Any CPU
        {8054CBD6-946B-4D55-BDC5-4E6F9049C5A6}.Release|Any CPU.Build.0 = Release|Any CPU
        {CDB3E180-A782-4F7D-BC41-33B11BB40669}.Debug|Any CPU.ActiveCfg = Debug|Any CPU
        {CDB3E180-A782-4F7D-BC41-33B11BB40669}.Debug|Any CPU.Build.0 = Debug|Any CPU
        {CDB3E180-A782-4F7D-BC41-33B11BB40669}.Release|Any CPU.ActiveCfg = Release|Any CPU
        {CDB3E180-A782-4F7D-BC41-33B11BB40669}.Release|Any CPU.Build.0 = Release|Any CPU
        {5110AA29-618F-497E-8D52-166AAC86EFE3}.Debug|Any CPU.ActiveCfg = Debug|Any CPU
        {5110AA29-618F-497E-8D52-166AAC86EFE3}.Debug|Any CPU.Build.0 = Debug|Any CPU
        {5110AA29-618F-497E-8D52-166AAC86EFE3}.Release|Any CPU.ActiveCfg = Release|Any CPU
        {5110AA29-618F-497E-8D52-166AAC86EFE3}.Release|Any CPU.Build.0 = Release|Any CPU
        {00A7A76B-BB85-40A6-8746-F8669B7A49A6}.Debug|Any CPU.ActiveCfg = Debug|Any CPU
        {00A7A76B-BB85-40A6-8746-F8669B7A49A6}.Debug|Any CPU.Build.0 = Debug|Any CPU
        {00A7A76B-BB85-40A6-8746-F8669B7A49A6}.Release|Any CPU.ActiveCfg = Release|Any CPU
        {00A7A76B-BB85-40A6-8746-F8669B7A49A6}.Release|Any CPU.Build.0 = Release|Any CPU
        {30C007D9-21C4-428B-875B-026888436985}.Debug|Any CPU.ActiveCfg = Debug|Any CPU
        {30C007D9-21C4-428B-875B-026888436985}.Debug|Any CPU.Build.0 = Debug|Any CPU
        {30C007D9-21C4-428B-875B-026888436985}.Release|Any CPU.ActiveCfg = Release|Any CPU
        {30C007D9-21C4-428B-875B-026888436985}.Release|Any CPU.Build.0 = Release|Any CPU
        {28CF54EA-C802-4EB7-9C1C-EFE5695EA0A0}.Debug|Any CPU.ActiveCfg = Debug|Any CPU
        {28CF54EA-C802-4EB7-9C1C-EFE5695EA0A0}.Debug|Any CPU.Build.0 = Debug|Any CPU
        {28CF54EA-C802-4EB7-9C1C-EFE5695EA0A0}.Release|Any CPU.ActiveCfg = Release|Any CPU
        {28CF54EA-C802-4EB7-9C1C-EFE5695EA0A0}.Release|Any CPU.Build.0 = Release|Any CPU
        {17CC2649-0CF3-451D-9BA2-F73B9C4C6793}.Debug|Any CPU.ActiveCfg = Debug|Any CPU
        {17CC2649-0CF3-451D-9BA2-F73B9C4C6793}.Debug|Any CPU.Build.0 = Debug|Any CPU
        {17CC2649-0CF3-451D-9BA2-F73B9C4C6793}.Release|Any CPU.ActiveCfg = Release|Any CPU
        {17CC2649-0CF3-451D-9BA2-F73B9C4C6793}.Release|Any CPU.Build.0 = Release|Any CPU
        {EA15A8F3-852D-467C-857A-A8FC85486457}.Debug|Any CPU.ActiveCfg = Debug|Any CPU
        {EA15A8F3-852D-467C-857A-A8FC85486457}.Debug|Any CPU.Build.0 = Debug|Any CPU
        {EA15A8F3-852D-467C-857A-A8FC85486457}.Release|Any CPU.ActiveCfg = Release|Any CPU
        {EA15A8F3-852D-467C-857A-A8FC85486457}.Release|Any CPU.Build.0 = Release|Any CPU
        {33C374C4-43A3-49FD-93B2-21485F2381CD}.Debug|Any CPU.ActiveCfg = Debug|Any CPU
        {33C374C4-43A3-49FD-93B2-21485F2381CD}.Debug|Any CPU.Build.0 = Debug|Any CPU
        {33C374C4-43A3-49FD-93B2-21485F2381CD}.Release|Any CPU.ActiveCfg = Release|Any CPU
        {33C374C4-43A3-49FD-93B2-21485F2381CD}.Release|Any CPU.Build.0 = Release|Any CPU
        {D116BFAD-093B-4BD6-9F9F-07C9383776A9}.Debug|Any CPU.ActiveCfg = Debug|Any CPU
        {D116BFAD-093B-4BD6-9F9F-07C9383776A9}.Debug|Any CPU.Build.0 = Debug|Any CPU
        {D116BFAD-093B-4BD6-9F9F-07C9383776A9}.Release|Any CPU.ActiveCfg = Release|Any CPU
        {D116BFAD-093B-4BD6-9F9F-07C9383776A9}.Release|Any CPU.Build.0 = Release|Any CPU
        {6D397CB3-9F07-4646-A850-D54214A54B3E}.Debug|Any CPU.ActiveCfg = Debug|Any CPU
        {6D397CB3-9F07-4646-A850-D54214A54B3E}.Debug|Any CPU.Build.0 = Debug|Any CPU
        {6D397CB3-9F07-4646-A850-D54214A54B3E}.Release|Any CPU.ActiveCfg = Release|Any CPU
        {6D397CB3-9F07-4646-A850-D54214A54B3E}.Release|Any CPU.Build.0 = Release|Any CPU
        {141CEA8D-5CC4-4D0A-B4AC-A05BF6AD9637}.Debug|Any CPU.ActiveCfg = Debug|Any CPU
        {141CEA8D-5CC4-4D0A-B4AC-A05BF6AD9637}.Debug|Any CPU.Build.0 = Debug|Any CPU
        {141CEA8D-5CC4-4D0A-B4AC-A05BF6AD9637}.Release|Any CPU.ActiveCfg = Release|Any CPU
        {141CEA8D-5CC4-4D0A-B4AC-A05BF6AD9637}.Release|Any CPU.Build.0 = Release|Any CPU
        {B3E8A1C2-0D5E-4C11-92F4-99F7A7EAD4A1}.Debug|Any CPU.ActiveCfg = Debug|Any CPU
        {B3E8A1C2-0D5E-4C11-92F4-99F7A7EAD4A1}.Debug|Any CPU.Build.0 = Debug|Any CPU
        {B3E8A1C2-0D5E-4C11-92F4-99F7A7EAD4A1}.Release|Any CPU.ActiveCfg = Release|Any CPU
        {B3E8A1C2-0D5E-4C11-92F4-99F7A7EAD4A1}.Release|Any CPU.Build.0 = Release|Any CPU
        {0F613CD3-5F28-4EF2-8E5D-DAE3B13087C5}.Debug|Any CPU.ActiveCfg = Debug|Any CPU
        {0F613CD3-5F28-4EF2-8E5D-DAE3B13087C5}.Debug|Any CPU.Build.0 = Debug|Any CPU
        {0F613CD3-5F28-4EF2-8E5D-DAE3B13087C5}.Release|Any CPU.ActiveCfg = Release|Any CPU
        {0F613CD3-5F28-4EF2-8E5D-DAE3B13087C5}.Release|Any CPU.Build.0 = Release|Any CPU
        {2F3B1D33-BD74-4E01-B1CA-6C39630A1211}.Debug|Any CPU.ActiveCfg = Debug|Any CPU
        {2F3B1D33-BD74-4E01-B1CA-6C39630A1211}.Debug|Any CPU.Build.0 = Debug|Any CPU
        {2F3B1D33-BD74-4E01-B1CA-6C39630A1211}.Release|Any CPU.ActiveCfg = Release|Any CPU
        {2F3B1D33-BD74-4E01-B1CA-6C39630A1211}.Release|Any CPU.Build.0 = Release|Any CPU
        {1B90C6E5-12F3-4E15-82DB-71DCE4AD42E2}.Debug|Any CPU.ActiveCfg = Debug|Any CPU
        {1B90C6E5-12F3-4E15-82DB-71DCE4AD42E2}.Debug|Any CPU.Build.0 = Debug|Any CPU
        {1B90C6E5-12F3-4E15-82DB-71DCE4AD42E2}.Release|Any CPU.ActiveCfg = Release|Any CPU
        {1B90C6E5-12F3-4E15-82DB-71DCE4AD42E2}.Release|Any CPU.Build.0 = Release|Any CPU
        {0781C5D5-3C75-4A13-A60D-241E7F9FA55D}.Debug|Any CPU.ActiveCfg = Debug|Any CPU
        {0781C5D5-3C75-4A13-A60D-241E7F9FA55D}.Debug|Any CPU.Build.0 = Debug|Any CPU
        {0781C5D5-3C75-4A13-A60D-241E7F9FA55D}.Release|Any CPU.ActiveCfg = Release|Any CPU
        {0781C5D5-3C75-4A13-A60D-241E7F9FA55D}.Release|Any CPU.Build.0 = Release|Any CPU
        {928FF438-504D-481F-897B-CB89160B12C8}.Debug|Any CPU.ActiveCfg = Debug|Any CPU
        {928FF438-504D-481F-897B-CB89160B12C8}.Debug|Any CPU.Build.0 = Debug|Any CPU
        {928FF438-504D-481F-897B-CB89160B12C8}.Release|Any CPU.ActiveCfg = Release|Any CPU
        {928FF438-504D-481F-897B-CB89160B12C8}.Release|Any CPU.Build.0 = Release|Any CPU
        {6F9CD415-7045-47D5-AEF9-B13E592404BC}.Debug|Any CPU.ActiveCfg = Debug|Any CPU
        {6F9CD415-7045-47D5-AEF9-B13E592404BC}.Debug|Any CPU.Build.0 = Debug|Any CPU
        {6F9CD415-7045-47D5-AEF9-B13E592404BC}.Release|Any CPU.ActiveCfg = Release|Any CPU
        {6F9CD415-7045-47D5-AEF9-B13E592404BC}.Release|Any CPU.Build.0 = Release|Any CPU
        {02B9C9D0-15EB-4F1A-930A-C6D61CA2C273}.Debug|Any CPU.ActiveCfg = Debug|Any CPU
        {02B9C9D0-15EB-4F1A-930A-C6D61CA2C273}.Debug|Any CPU.Build.0 = Debug|Any CPU
        {02B9C9D0-15EB-4F1A-930A-C6D61CA2C273}.Release|Any CPU.ActiveCfg = Release|Any CPU
        {02B9C9D0-15EB-4F1A-930A-C6D61CA2C273}.Release|Any CPU.Build.0 = Release|Any CPU
        {A9E5DBB2-7CCB-4984-890F-EF462A46AF09}.Debug|Any CPU.ActiveCfg = Debug|Any CPU
        {A9E5DBB2-7CCB-4984-890F-EF462A46AF09}.Debug|Any CPU.Build.0 = Debug|Any CPU
        {A9E5DBB2-7CCB-4984-890F-EF462A46AF09}.Release|Any CPU.ActiveCfg = Release|Any CPU
        {A9E5DBB2-7CCB-4984-890F-EF462A46AF09}.Release|Any CPU.Build.0 = Release|Any CPU
        {6C0F4FB0-A714-42C2-84E9-F555F10CBBF5}.Debug|Any CPU.ActiveCfg = Debug|Any CPU
        {6C0F4FB0-A714-42C2-84E9-F555F10CBBF5}.Debug|Any CPU.Build.0 = Debug|Any CPU
        {6C0F4FB0-A714-42C2-84E9-F555F10CBBF5}.Release|Any CPU.ActiveCfg = Release|Any CPU
        {6C0F4FB0-A714-42C2-84E9-F555F10CBBF5}.Release|Any CPU.Build.0 = Release|Any CPU
        {E80A5E92-76BC-4259-8B04-F4E7C8FDBB5B}.Debug|Any CPU.ActiveCfg = Debug|Any CPU
        {E80A5E92-76BC-4259-8B04-F4E7C8FDBB5B}.Debug|Any CPU.Build.0 = Debug|Any CPU
        {E80A5E92-76BC-4259-8B04-F4E7C8FDBB5B}.Release|Any CPU.ActiveCfg = Release|Any CPU
        {E80A5E92-76BC-4259-8B04-F4E7C8FDBB5B}.Release|Any CPU.Build.0 = Release|Any CPU
        {AE0493D8-BCAB-4127-9334-873DA3A66FC4}.Debug|Any CPU.ActiveCfg = Debug|Any CPU
        {AE0493D8-BCAB-4127-9334-873DA3A66FC4}.Debug|Any CPU.Build.0 = Debug|Any CPU
        {AE0493D8-BCAB-4127-9334-873DA3A66FC4}.Release|Any CPU.ActiveCfg = Release|Any CPU
        {AE0493D8-BCAB-4127-9334-873DA3A66FC4}.Release|Any CPU.Build.0 = Release|Any CPU
        {14CFDE9C-31FF-4F91-9474-B202E7E30160}.Debug|Any CPU.ActiveCfg = Debug|Any CPU
        {14CFDE9C-31FF-4F91-9474-B202E7E30160}.Debug|Any CPU.Build.0 = Debug|Any CPU
        {14CFDE9C-31FF-4F91-9474-B202E7E30160}.Release|Any CPU.ActiveCfg = Release|Any CPU
        {14CFDE9C-31FF-4F91-9474-B202E7E30160}.Release|Any CPU.Build.0 = Release|Any CPU
        {478230BF-D1C9-46B1-8831-CA806101AC19}.Debug|Any CPU.ActiveCfg = Debug|Any CPU
        {478230BF-D1C9-46B1-8831-CA806101AC19}.Debug|Any CPU.Build.0 = Debug|Any CPU
        {478230BF-D1C9-46B1-8831-CA806101AC19}.Release|Any CPU.ActiveCfg = Release|Any CPU
        {478230BF-D1C9-46B1-8831-CA806101AC19}.Release|Any CPU.Build.0 = Release|Any CPU
        {ED168547-8FEB-490E-897B-93FE3290A030}.Debug|Any CPU.ActiveCfg = Debug|Any CPU
        {ED168547-8FEB-490E-897B-93FE3290A030}.Debug|Any CPU.Build.0 = Debug|Any CPU
        {ED168547-8FEB-490E-897B-93FE3290A030}.Release|Any CPU.ActiveCfg = Release|Any CPU
        {ED168547-8FEB-490E-897B-93FE3290A030}.Release|Any CPU.Build.0 = Release|Any CPU
        {FFAFBBB3-6D20-4F7E-B3ED-E81E11FA619F}.Debug|Any CPU.ActiveCfg = Debug|Any CPU
        {FFAFBBB3-6D20-4F7E-B3ED-E81E11FA619F}.Debug|Any CPU.Build.0 = Debug|Any CPU
        {FFAFBBB3-6D20-4F7E-B3ED-E81E11FA619F}.Release|Any CPU.ActiveCfg = Release|Any CPU
        {FFAFBBB3-6D20-4F7E-B3ED-E81E11FA619F}.Release|Any CPU.Build.0 = Release|Any CPU
        {D5375916-D786-404E-B271-BCC353D520BF}.Debug|Any CPU.ActiveCfg = Debug|Any CPU
        {D5375916-D786-404E-B271-BCC353D520BF}.Debug|Any CPU.Build.0 = Debug|Any CPU
        {D5375916-D786-404E-B271-BCC353D520BF}.Release|Any CPU.ActiveCfg = Release|Any CPU
        {D5375916-D786-404E-B271-BCC353D520BF}.Release|Any CPU.Build.0 = Release|Any CPU
        {1BBA96B2-9B56-4442-88C4-1EDF80E58216}.Debug|Any CPU.ActiveCfg = Debug|Any CPU
        {1BBA96B2-9B56-4442-88C4-1EDF80E58216}.Debug|Any CPU.Build.0 = Debug|Any CPU
        {1BBA96B2-9B56-4442-88C4-1EDF80E58216}.Release|Any CPU.ActiveCfg = Release|Any CPU
        {1BBA96B2-9B56-4442-88C4-1EDF80E58216}.Release|Any CPU.Build.0 = Release|Any CPU
        {705DAE0E-564A-40AE-83C4-A675C5C02D56}.Debug|Any CPU.ActiveCfg = Debug|Any CPU
        {705DAE0E-564A-40AE-83C4-A675C5C02D56}.Debug|Any CPU.Build.0 = Debug|Any CPU
        {705DAE0E-564A-40AE-83C4-A675C5C02D56}.Release|Any CPU.ActiveCfg = Release|Any CPU
        {705DAE0E-564A-40AE-83C4-A675C5C02D56}.Release|Any CPU.Build.0 = Release|Any CPU
        {7445DDC6-3258-4671-B5E6-E4980C8779FC}.Debug|Any CPU.ActiveCfg = Debug|Any CPU
        {7445DDC6-3258-4671-B5E6-E4980C8779FC}.Debug|Any CPU.Build.0 = Debug|Any CPU
        {7445DDC6-3258-4671-B5E6-E4980C8779FC}.Release|Any CPU.ActiveCfg = Release|Any CPU
        {7445DDC6-3258-4671-B5E6-E4980C8779FC}.Release|Any CPU.Build.0 = Release|Any CPU
        {CFD85D6E-AAB0-4496-8D46-7FE2538F6498}.Debug|Any CPU.ActiveCfg = Debug|Any CPU
        {CFD85D6E-AAB0-4496-8D46-7FE2538F6498}.Debug|Any CPU.Build.0 = Debug|Any CPU
        {CFD85D6E-AAB0-4496-8D46-7FE2538F6498}.Release|Any CPU.ActiveCfg = Release|Any CPU
        {CFD85D6E-AAB0-4496-8D46-7FE2538F6498}.Release|Any CPU.Build.0 = Release|Any CPU
        {02FDAEE1-A872-4157-B6C7-7018A1FBE188}.Debug|Any CPU.ActiveCfg = Debug|Any CPU
        {02FDAEE1-A872-4157-B6C7-7018A1FBE188}.Debug|Any CPU.Build.0 = Debug|Any CPU
        {02FDAEE1-A872-4157-B6C7-7018A1FBE188}.Release|Any CPU.ActiveCfg = Release|Any CPU
        {02FDAEE1-A872-4157-B6C7-7018A1FBE188}.Release|Any CPU.Build.0 = Release|Any CPU
        {A5B52B35-0158-4ED9-A981-8D6E7D957C85}.Debug|Any CPU.ActiveCfg = Debug|Any CPU
        {A5B52B35-0158-4ED9-A981-8D6E7D957C85}.Debug|Any CPU.Build.0 = Debug|Any CPU
        {A5B52B35-0158-4ED9-A981-8D6E7D957C85}.Release|Any CPU.ActiveCfg = Release|Any CPU
        {A5B52B35-0158-4ED9-A981-8D6E7D957C85}.Release|Any CPU.Build.0 = Release|Any CPU
        {3D507DA9-9A4B-4FEB-92B2-FFA17E6CAC27}.Debug|Any CPU.ActiveCfg = Debug|Any CPU
        {3D507DA9-9A4B-4FEB-92B2-FFA17E6CAC27}.Debug|Any CPU.Build.0 = Debug|Any CPU
        {3D507DA9-9A4B-4FEB-92B2-FFA17E6CAC27}.Release|Any CPU.ActiveCfg = Release|Any CPU
        {3D507DA9-9A4B-4FEB-92B2-FFA17E6CAC27}.Release|Any CPU.Build.0 = Release|Any CPU
        {D3548AE2-B7A7-4426-8E86-1EAD03B6E166}.Debug|Any CPU.ActiveCfg = Debug|Any CPU
        {D3548AE2-B7A7-4426-8E86-1EAD03B6E166}.Debug|Any CPU.Build.0 = Debug|Any CPU
        {D3548AE2-B7A7-4426-8E86-1EAD03B6E166}.Release|Any CPU.ActiveCfg = Release|Any CPU
        {D3548AE2-B7A7-4426-8E86-1EAD03B6E166}.Release|Any CPU.Build.0 = Release|Any CPU
        {B69B1809-F29C-4C70-86BF-9724E416831F}.Debug|Any CPU.ActiveCfg = Debug|Any CPU
        {B69B1809-F29C-4C70-86BF-9724E416831F}.Debug|Any CPU.Build.0 = Debug|Any CPU
        {B69B1809-F29C-4C70-86BF-9724E416831F}.Release|Any CPU.ActiveCfg = Release|Any CPU
        {B69B1809-F29C-4C70-86BF-9724E416831F}.Release|Any CPU.Build.0 = Release|Any CPU
        {BA260BA3-3CDE-4093-B084-2FF498D33908}.Debug|Any CPU.ActiveCfg = Debug|Any CPU
        {BA260BA3-3CDE-4093-B084-2FF498D33908}.Debug|Any CPU.Build.0 = Debug|Any CPU
        {BA260BA3-3CDE-4093-B084-2FF498D33908}.Release|Any CPU.ActiveCfg = Release|Any CPU
        {BA260BA3-3CDE-4093-B084-2FF498D33908}.Release|Any CPU.Build.0 = Release|Any CPU
        {D04D0DB8-DFFF-4E0C-A84C-8906D7A40C0D}.Debug|Any CPU.ActiveCfg = Debug|Any CPU
        {D04D0DB8-DFFF-4E0C-A84C-8906D7A40C0D}.Debug|Any CPU.Build.0 = Debug|Any CPU
        {D04D0DB8-DFFF-4E0C-A84C-8906D7A40C0D}.Release|Any CPU.ActiveCfg = Release|Any CPU
        {D04D0DB8-DFFF-4E0C-A84C-8906D7A40C0D}.Release|Any CPU.Build.0 = Release|Any CPU
        {B666DCA7-BAF3-4356-A803-3F9C5C94303F}.Debug|Any CPU.ActiveCfg = Debug|Any CPU
        {B666DCA7-BAF3-4356-A803-3F9C5C94303F}.Debug|Any CPU.Build.0 = Debug|Any CPU
        {B666DCA7-BAF3-4356-A803-3F9C5C94303F}.Release|Any CPU.ActiveCfg = Release|Any CPU
        {B666DCA7-BAF3-4356-A803-3F9C5C94303F}.Release|Any CPU.Build.0 = Release|Any CPU
        {7C2EA8AC-BE81-46B3-9B0E-C6CFC4F4143D}.Debug|Any CPU.ActiveCfg = Debug|Any CPU
        {7C2EA8AC-BE81-46B3-9B0E-C6CFC4F4143D}.Debug|Any CPU.Build.0 = Debug|Any CPU
        {7C2EA8AC-BE81-46B3-9B0E-C6CFC4F4143D}.Release|Any CPU.ActiveCfg = Release|Any CPU
        {7C2EA8AC-BE81-46B3-9B0E-C6CFC4F4143D}.Release|Any CPU.Build.0 = Release|Any CPU
        {80C8250F-5BC1-4A2F-AC82-406DD3328C4F}.Debug|Any CPU.ActiveCfg = Debug|Any CPU
        {80C8250F-5BC1-4A2F-AC82-406DD3328C4F}.Debug|Any CPU.Build.0 = Debug|Any CPU
        {80C8250F-5BC1-4A2F-AC82-406DD3328C4F}.Release|Any CPU.ActiveCfg = Release|Any CPU
        {80C8250F-5BC1-4A2F-AC82-406DD3328C4F}.Release|Any CPU.Build.0 = Release|Any CPU
        {D488DF1F-2DD0-4EE3-9244-FDEB33942525}.Debug|Any CPU.ActiveCfg = Debug|Any CPU
        {D488DF1F-2DD0-4EE3-9244-FDEB33942525}.Debug|Any CPU.Build.0 = Debug|Any CPU
        {D488DF1F-2DD0-4EE3-9244-FDEB33942525}.Release|Any CPU.ActiveCfg = Release|Any CPU
        {D488DF1F-2DD0-4EE3-9244-FDEB33942525}.Release|Any CPU.Build.0 = Release|Any CPU
        {405D337B-91A9-422F-B913-4A7C1C892B93}.Debug|Any CPU.ActiveCfg = Debug|Any CPU
        {405D337B-91A9-422F-B913-4A7C1C892B93}.Debug|Any CPU.Build.0 = Debug|Any CPU
        {405D337B-91A9-422F-B913-4A7C1C892B93}.Release|Any CPU.ActiveCfg = Release|Any CPU
        {405D337B-91A9-422F-B913-4A7C1C892B93}.Release|Any CPU.Build.0 = Release|Any CPU
        {DE0C697B-A2AC-45E5-BC3B-74D9BD23FECC}.Debug|Any CPU.ActiveCfg = Debug|Any CPU
        {DE0C697B-A2AC-45E5-BC3B-74D9BD23FECC}.Debug|Any CPU.Build.0 = Debug|Any CPU
        {DE0C697B-A2AC-45E5-BC3B-74D9BD23FECC}.Release|Any CPU.ActiveCfg = Release|Any CPU
        {DE0C697B-A2AC-45E5-BC3B-74D9BD23FECC}.Release|Any CPU.Build.0 = Release|Any CPU
        {1E6EA56D-69FE-4CD0-BFE1-C186C1BD3BFC}.Debug|Any CPU.ActiveCfg = Debug|Any CPU
        {1E6EA56D-69FE-4CD0-BFE1-C186C1BD3BFC}.Debug|Any CPU.Build.0 = Debug|Any CPU
        {1E6EA56D-69FE-4CD0-BFE1-C186C1BD3BFC}.Release|Any CPU.ActiveCfg = Release|Any CPU
        {1E6EA56D-69FE-4CD0-BFE1-C186C1BD3BFC}.Release|Any CPU.Build.0 = Release|Any CPU
        {EAFD6265-DE4D-4F00-9309-CF0363A8ACD3}.Debug|Any CPU.ActiveCfg = Debug|Any CPU
        {EAFD6265-DE4D-4F00-9309-CF0363A8ACD3}.Debug|Any CPU.Build.0 = Debug|Any CPU
        {EAFD6265-DE4D-4F00-9309-CF0363A8ACD3}.Release|Any CPU.ActiveCfg = Release|Any CPU
        {EAFD6265-DE4D-4F00-9309-CF0363A8ACD3}.Release|Any CPU.Build.0 = Release|Any CPU
        {3957D3BA-4B23-4DE0-8108-0979291E6247}.Debug|Any CPU.ActiveCfg = Debug|Any CPU
        {3957D3BA-4B23-4DE0-8108-0979291E6247}.Debug|Any CPU.Build.0 = Debug|Any CPU
        {3957D3BA-4B23-4DE0-8108-0979291E6247}.Release|Any CPU.ActiveCfg = Release|Any CPU
        {3957D3BA-4B23-4DE0-8108-0979291E6247}.Release|Any CPU.Build.0 = Release|Any CPU
        {28BE32CD-90E8-4BD8-83A1-B27E921BFA90}.Debug|Any CPU.ActiveCfg = Debug|Any CPU
        {28BE32CD-90E8-4BD8-83A1-B27E921BFA90}.Debug|Any CPU.Build.0 = Debug|Any CPU
        {28BE32CD-90E8-4BD8-83A1-B27E921BFA90}.Release|Any CPU.ActiveCfg = Release|Any CPU
        {28BE32CD-90E8-4BD8-83A1-B27E921BFA90}.Release|Any CPU.Build.0 = Release|Any CPU
    EndGlobalSection
    GlobalSection(SolutionProperties) = preSolution
        HideSolutionNode = FALSE
    EndGlobalSection
EndGlobal
